
Microsoft Visual Studio Solution File, Format Version 12.00
# Visual Studio Version 17
VisualStudioVersion = 17.11.35327.3
MinimumVisualStudioVersion = 10.0.40219.1
Project("{FAE04EC0-301F-11D3-BF4B-00C04F79EFBC}") = "ConsoleApp1", "ConsoleApp1\ConsoleApp1.csproj", "{14376F0C-9B81-4809-91CE-4F3001B7F1A4}"
EndProject
Global
	GlobalSection(SolutionConfigurationPlatforms) = preSolution
		Debug|Any CPU = Debug|Any CPU
		Release|Any CPU = Release|Any CPU
	EndGlobalSection
	GlobalSection(ProjectConfigurationPlatforms) = postSolution
		{14376F0C-9B81-4809-91CE-4F3001B7F1A4}.Debug|Any CPU.ActiveCfg = Debug|Any CPU
		{14376F0C-9B81-4809-91CE-4F3001B7F1A4}.Debug|Any CPU.Build.0 = Debug|Any CPU
		{14376F0C-9B81-4809-91CE-4F3001B7F1A4}.Release|Any CPU.ActiveCfg = Release|Any CPU
		{14376F0C-9B81-4809-91CE-4F3001B7F1A4}.Release|Any CPU.Build.0 = Release|Any CPU
	EndGlobalSection
	GlobalSection(SolutionProperties) = preSolution
		HideSolutionNode = FALSE
	EndGlobalSection
	GlobalSection(ExtensibilityGlobals) = postSolution
		SolutionGuid = {47BBDD58-2FA5-461A-A56C-72F0EEE1C286}
	EndGlobalSection
EndGlobal
